// !$*UTF8*$!
{
	archiveVersion = 1;
	classes = {
	};
	objectVersion = 52;
	objects = {

/* Begin PBXBuildFile section */
		44127811243A97F60042CCE7 /* Peripheral.swift in Sources */ = {isa = PBXBuildFile; fileRef = 44127810243A97F60042CCE7 /* Peripheral.swift */; };
		444C59F22426CB9F0073599D /* SceneDelegate.swift in Sources */ = {isa = PBXBuildFile; fileRef = 444C59F12426CB9F0073599D /* SceneDelegate.swift */; };
		444C59F42426CB9F0073599D /* ContentView.swift in Sources */ = {isa = PBXBuildFile; fileRef = 444C59F32426CB9F0073599D /* ContentView.swift */; };
		444C59F62426CBA40073599D /* Assets.xcassets in Resources */ = {isa = PBXBuildFile; fileRef = 444C59F52426CBA40073599D /* Assets.xcassets */; };
		444C59FC2426CBA40073599D /* LaunchScreen.storyboard in Resources */ = {isa = PBXBuildFile; fileRef = 444C59FA2426CBA40073599D /* LaunchScreen.storyboard */; };
		444C5A04242805060073599D /* AppDelegate.swift in Sources */ = {isa = PBXBuildFile; fileRef = 444C5A03242805060073599D /* AppDelegate.swift */; };
		44D48D71244F94BB006A8B38 /* SwiftUIFlux in Frameworks */ = {isa = PBXBuildFile; productRef = 44FC733124464ECE008823AD /* SwiftUIFlux */; };
		44D48D7A2450F40D006A8B38 /* CharacteristicValue.swift in Sources */ = {isa = PBXBuildFile; fileRef = 44D48D792450F40D006A8B38 /* CharacteristicValue.swift */; };
		44D65723243FCE8B00FD292F /* Service.swift in Sources */ = {isa = PBXBuildFile; fileRef = 44D65722243FCE8B00FD292F /* Service.swift */; };
		44ED5D07244DB2A000229DBD /* CharacteristicView.swift in Sources */ = {isa = PBXBuildFile; fileRef = 44ED5D06244DB2A000229DBD /* CharacteristicView.swift */; };
		44FC73362446761A008823AD /* PeripheralAction.swift in Sources */ = {isa = PBXBuildFile; fileRef = 44FC73352446761A008823AD /* PeripheralAction.swift */; };
		C92F12BD41B213E01495A500 /* CentralDelegate.swift in Sources */ = {isa = PBXBuildFile; fileRef = C92F1A4D44C0B20096D7406D /* CentralDelegate.swift */; };
		C92F14859828DC2ED2E3BFA5 /* AppAction.swift in Sources */ = {isa = PBXBuildFile; fileRef = C92F1C86394BC10F16C2A5A9 /* AppAction.swift */; };
		C92F153C0296B65DE91A3CB1 /* Logger.swift in Sources */ = {isa = PBXBuildFile; fileRef = C92F15AE4B9EA9291A34CFDA /* Logger.swift */; };
		C92F162B750CC35704FBF3A1 /* Descriptor.swift in Sources */ = {isa = PBXBuildFile; fileRef = C92F1E192B717248347C3219 /* Descriptor.swift */; };
		C92F173920CE1B96345D366F /* Characteristic.swift in Sources */ = {isa = PBXBuildFile; fileRef = C92F179CD53738B34D4F60C3 /* Characteristic.swift */; };
		C92F17E566E7F05FCD26FFC7 /* AppState.swift in Sources */ = {isa = PBXBuildFile; fileRef = C92F1578250005A559536951 /* AppState.swift */; };
		C92F1B3242DCA10E6418690F /* CentralAction.swift in Sources */ = {isa = PBXBuildFile; fileRef = C92F1D23C442412D461E76AA /* CentralAction.swift */; };
		C92F1B8B77AD8C8A260FF3FF /* AppReducer.swift in Sources */ = {isa = PBXBuildFile; fileRef = C92F165059CDAE51DDE572C3 /* AppReducer.swift */; };
		C92F1C80E793637E3A7D1239 /* PeripheralDelegate.swift in Sources */ = {isa = PBXBuildFile; fileRef = C92F1BE83CB4AD68E8C3A32D /* PeripheralDelegate.swift */; };
		C92F1CD6760C1F4788F12A18 /* Manager.swift in Sources */ = {isa = PBXBuildFile; fileRef = C92F14B89B580DC510AEA493 /* Manager.swift */; };
		C92F1E866D61171B5806AE8A /* PeripheralView.swift in Sources */ = {isa = PBXBuildFile; fileRef = C92F127E92FEFD522CF57026 /* PeripheralView.swift */; };
/* End PBXBuildFile section */

/* Begin PBXFileReference section */
		44127810243A97F60042CCE7 /* Peripheral.swift */ = {isa = PBXFileReference; lastKnownFileType = sourcecode.swift; path = Peripheral.swift; sourceTree = "<group>"; };
		444C59EC2426CB9F0073599D /* SwiftUIBLE.app */ = {isa = PBXFileReference; explicitFileType = wrapper.application; includeInIndex = 0; path = SwiftUIBLE.app; sourceTree = BUILT_PRODUCTS_DIR; };
		444C59F12426CB9F0073599D /* SceneDelegate.swift */ = {isa = PBXFileReference; lastKnownFileType = sourcecode.swift; path = SceneDelegate.swift; sourceTree = "<group>"; };
		444C59F32426CB9F0073599D /* ContentView.swift */ = {isa = PBXFileReference; lastKnownFileType = sourcecode.swift; path = ContentView.swift; sourceTree = "<group>"; };
		444C59F52426CBA40073599D /* Assets.xcassets */ = {isa = PBXFileReference; lastKnownFileType = folder.assetcatalog; path = Assets.xcassets; sourceTree = "<group>"; };
		444C59FB2426CBA40073599D /* Base */ = {isa = PBXFileReference; lastKnownFileType = file.storyboard; name = Base; path = Base.lproj/LaunchScreen.storyboard; sourceTree = "<group>"; };
		444C59FD2426CBA40073599D /* Info.plist */ = {isa = PBXFileReference; lastKnownFileType = text.plist.xml; path = Info.plist; sourceTree = "<group>"; };
		444C5A03242805060073599D /* AppDelegate.swift */ = {isa = PBXFileReference; lastKnownFileType = sourcecode.swift; path = AppDelegate.swift; sourceTree = "<group>"; };
		44D48D792450F40D006A8B38 /* CharacteristicValue.swift */ = {isa = PBXFileReference; lastKnownFileType = sourcecode.swift; path = CharacteristicValue.swift; sourceTree = "<group>"; };
		44D65722243FCE8B00FD292F /* Service.swift */ = {isa = PBXFileReference; lastKnownFileType = sourcecode.swift; path = Service.swift; sourceTree = "<group>"; };
		44ED5D06244DB2A000229DBD /* CharacteristicView.swift */ = {isa = PBXFileReference; lastKnownFileType = sourcecode.swift; path = CharacteristicView.swift; sourceTree = "<group>"; };
		44ED5D08244DBC8B00229DBD /* BLE.entitlements */ = {isa = PBXFileReference; fileEncoding = 4; lastKnownFileType = text.plist.entitlements; path = BLE.entitlements; sourceTree = "<group>"; };
		44FC73352446761A008823AD /* PeripheralAction.swift */ = {isa = PBXFileReference; lastKnownFileType = sourcecode.swift; path = PeripheralAction.swift; sourceTree = "<group>"; };
		C92F127E92FEFD522CF57026 /* PeripheralView.swift */ = {isa = PBXFileReference; fileEncoding = 4; lastKnownFileType = sourcecode.swift; path = PeripheralView.swift; sourceTree = "<group>"; };
		C92F14B89B580DC510AEA493 /* Manager.swift */ = {isa = PBXFileReference; fileEncoding = 4; lastKnownFileType = sourcecode.swift; path = Manager.swift; sourceTree = "<group>"; };
		C92F1578250005A559536951 /* AppState.swift */ = {isa = PBXFileReference; fileEncoding = 4; lastKnownFileType = sourcecode.swift; path = AppState.swift; sourceTree = "<group>"; };
		C92F15AE4B9EA9291A34CFDA /* Logger.swift */ = {isa = PBXFileReference; fileEncoding = 4; lastKnownFileType = sourcecode.swift; path = Logger.swift; sourceTree = "<group>"; };
		C92F165059CDAE51DDE572C3 /* AppReducer.swift */ = {isa = PBXFileReference; fileEncoding = 4; lastKnownFileType = sourcecode.swift; path = AppReducer.swift; sourceTree = "<group>"; };
		C92F179CD53738B34D4F60C3 /* Characteristic.swift */ = {isa = PBXFileReference; fileEncoding = 4; lastKnownFileType = sourcecode.swift; path = Characteristic.swift; sourceTree = "<group>"; };
		C92F1A4D44C0B20096D7406D /* CentralDelegate.swift */ = {isa = PBXFileReference; fileEncoding = 4; lastKnownFileType = sourcecode.swift; path = CentralDelegate.swift; sourceTree = "<group>"; };
		C92F1BE83CB4AD68E8C3A32D /* PeripheralDelegate.swift */ = {isa = PBXFileReference; fileEncoding = 4; lastKnownFileType = sourcecode.swift; path = PeripheralDelegate.swift; sourceTree = "<group>"; };
		C92F1C86394BC10F16C2A5A9 /* AppAction.swift */ = {isa = PBXFileReference; fileEncoding = 4; lastKnownFileType = sourcecode.swift; path = AppAction.swift; sourceTree = "<group>"; };
		C92F1D23C442412D461E76AA /* CentralAction.swift */ = {isa = PBXFileReference; fileEncoding = 4; lastKnownFileType = sourcecode.swift; path = CentralAction.swift; sourceTree = "<group>"; };
		C92F1E192B717248347C3219 /* Descriptor.swift */ = {isa = PBXFileReference; fileEncoding = 4; lastKnownFileType = sourcecode.swift; path = Descriptor.swift; sourceTree = "<group>"; };
/* End PBXFileReference section */

/* Begin PBXFrameworksBuildPhase section */
		444C59E92426CB9F0073599D /* Frameworks */ = {
			isa = PBXFrameworksBuildPhase;
			buildActionMask = 2147483647;
			files = (
				44D48D71244F94BB006A8B38 /* SwiftUIFlux in Frameworks */,
			);
			runOnlyForDeploymentPostprocessing = 0;
		};
/* End PBXFrameworksBuildPhase section */

/* Begin PBXGroup section */
		444C59E32426CB9F0073599D = {
			isa = PBXGroup;
			children = (
				444C59EE2426CB9F0073599D /* SwiftUIBLE */,
				444C59ED2426CB9F0073599D /* Products */,
			);
			sourceTree = "<group>";
		};
		444C59ED2426CB9F0073599D /* Products */ = {
			isa = PBXGroup;
			children = (
				444C59EC2426CB9F0073599D /* SwiftUIBLE.app */,
			);
			name = Products;
			sourceTree = "<group>";
		};
		444C59EE2426CB9F0073599D /* SwiftUIBLE */ = {
			isa = PBXGroup;
			children = (
				44CF4B9B242FC4E400FD41AC /* launch */,
				C92F1D900D832DE2D2A363B3 /* flux */,
				44CF4B9C242FC52100FD41AC /* views */,
				444C59F52426CBA40073599D /* Assets.xcassets */,
				44ED5D08244DBC8B00229DBD /* BLE.entitlements */,
				444C59FA2426CBA40073599D /* LaunchScreen.storyboard */,
				444C59FD2426CBA40073599D /* Info.plist */,
			);
			path = SwiftUIBLE;
			sourceTree = "<group>";
		};
		44CF4B9B242FC4E400FD41AC /* launch */ = {
			isa = PBXGroup;
			children = (
				44FC7333244653E6008823AD /* BT */,
				444C59F12426CB9F0073599D /* SceneDelegate.swift */,
				444C5A03242805060073599D /* AppDelegate.swift */,
			);
			path = launch;
			sourceTree = "<group>";
		};
		44CF4B9C242FC52100FD41AC /* views */ = {
			isa = PBXGroup;
			children = (
				444C59F32426CB9F0073599D /* ContentView.swift */,
				C92F127E92FEFD522CF57026 /* PeripheralView.swift */,
				44ED5D06244DB2A000229DBD /* CharacteristicView.swift */,
			);
			path = views;
			sourceTree = "<group>";
		};
		44FC7333244653E6008823AD /* BT */ = {
			isa = PBXGroup;
			children = (
				C92F1BE83CB4AD68E8C3A32D /* PeripheralDelegate.swift */,
				C92F1A4D44C0B20096D7406D /* CentralDelegate.swift */,
			);
			path = BT;
			sourceTree = "<group>";
		};
		C92F13D1C335887BAE31FDDE /* models */ = {
			isa = PBXGroup;
			children = (
				C92F14B89B580DC510AEA493 /* Manager.swift */,
				44127810243A97F60042CCE7 /* Peripheral.swift */,
				44D65722243FCE8B00FD292F /* Service.swift */,
				C92F179CD53738B34D4F60C3 /* Characteristic.swift */,
				44D48D792450F40D006A8B38 /* CharacteristicValue.swift */,
				C92F1E192B717248347C3219 /* Descriptor.swift */,
			);
			path = models;
			sourceTree = "<group>";
		};
		C92F18347053BA5934085305 /* middlewares */ = {
			isa = PBXGroup;
			children = (
				C92F15AE4B9EA9291A34CFDA /* Logger.swift */,
			);
			path = middlewares;
			sourceTree = "<group>";
		};
		C92F1C33B8B17957180BD46E /* actions */ = {
			isa = PBXGroup;
			children = (
				C92F1C86394BC10F16C2A5A9 /* AppAction.swift */,
				C92F1D23C442412D461E76AA /* CentralAction.swift */,
				44FC73352446761A008823AD /* PeripheralAction.swift */,
			);
			path = actions;
			sourceTree = "<group>";
		};
		C92F1D900D832DE2D2A363B3 /* flux */ = {
			isa = PBXGroup;
			children = (
				C92F13D1C335887BAE31FDDE /* models */,
				C92F1C33B8B17957180BD46E /* actions */,
				C92F18347053BA5934085305 /* middlewares */,
				C92F1578250005A559536951 /* AppState.swift */,
				C92F165059CDAE51DDE572C3 /* AppReducer.swift */,
			);
			path = flux;
			sourceTree = "<group>";
		};
/* End PBXGroup section */

/* Begin PBXNativeTarget section */
		444C59EB2426CB9F0073599D /* SwiftUIBLE */ = {
			isa = PBXNativeTarget;
			buildConfigurationList = 444C5A002426CBA40073599D /* Build configuration list for PBXNativeTarget "SwiftUIBLE" */;
			buildPhases = (
				444C59E82426CB9F0073599D /* Sources */,
				444C59E92426CB9F0073599D /* Frameworks */,
				444C59EA2426CB9F0073599D /* Resources */,
			);
			buildRules = (
			);
			dependencies = (
			);
			name = SwiftUIBLE;
			packageProductDependencies = (
				44FC733124464ECE008823AD /* SwiftUIFlux */,
			);
			productName = BLE;
			productReference = 444C59EC2426CB9F0073599D /* SwiftUIBLE.app */;
			productType = "com.apple.product-type.application";
		};
/* End PBXNativeTarget section */

/* Begin PBXProject section */
		444C59E42426CB9F0073599D /* Project object */ = {
			isa = PBXProject;
			attributes = {
				LastSwiftUpdateCheck = 1130;
				LastUpgradeCheck = 1130;
				ORGANIZATIONNAME = Ruslan;
				TargetAttributes = {
					444C59EB2426CB9F0073599D = {
						CreatedOnToolsVersion = 11.3.1;
					};
				};
			};
			buildConfigurationList = 444C59E72426CB9F0073599D /* Build configuration list for PBXProject "SwiftUIBLE" */;
			compatibilityVersion = "Xcode 9.3";
			developmentRegion = en;
			hasScannedForEncodings = 0;
			knownRegions = (
				en,
				Base,
			);
			mainGroup = 444C59E32426CB9F0073599D;
			packageReferences = (
				44FC733024464ECE008823AD /* XCRemoteSwiftPackageReference "SwiftUIFlux" */,
			);
			productRefGroup = 444C59ED2426CB9F0073599D /* Products */;
			projectDirPath = "";
			projectRoot = "";
			targets = (
				444C59EB2426CB9F0073599D /* SwiftUIBLE */,
			);
		};
/* End PBXProject section */

/* Begin PBXResourcesBuildPhase section */
		444C59EA2426CB9F0073599D /* Resources */ = {
			isa = PBXResourcesBuildPhase;
			buildActionMask = 2147483647;
			files = (
				444C59FC2426CBA40073599D /* LaunchScreen.storyboard in Resources */,
				444C59F62426CBA40073599D /* Assets.xcassets in Resources */,
			);
			runOnlyForDeploymentPostprocessing = 0;
		};
/* End PBXResourcesBuildPhase section */

/* Begin PBXSourcesBuildPhase section */
		444C59E82426CB9F0073599D /* Sources */ = {
			isa = PBXSourcesBuildPhase;
			buildActionMask = 2147483647;
			files = (
				444C5A04242805060073599D /* AppDelegate.swift in Sources */,
				44127811243A97F60042CCE7 /* Peripheral.swift in Sources */,
				444C59F22426CB9F0073599D /* SceneDelegate.swift in Sources */,
				44D65723243FCE8B00FD292F /* Service.swift in Sources */,
				444C59F42426CB9F0073599D /* ContentView.swift in Sources */,
				C92F1E866D61171B5806AE8A /* PeripheralView.swift in Sources */,
				C92F173920CE1B96345D366F /* Characteristic.swift in Sources */,
				C92F162B750CC35704FBF3A1 /* Descriptor.swift in Sources */,
				C92F17E566E7F05FCD26FFC7 /* AppState.swift in Sources */,
				44ED5D07244DB2A000229DBD /* CharacteristicView.swift in Sources */,
				C92F1B8B77AD8C8A260FF3FF /* AppReducer.swift in Sources */,
				C92F153C0296B65DE91A3CB1 /* Logger.swift in Sources */,
				C92F12BD41B213E01495A500 /* CentralDelegate.swift in Sources */,
				C92F1C80E793637E3A7D1239 /* PeripheralDelegate.swift in Sources */,
				C92F14859828DC2ED2E3BFA5 /* AppAction.swift in Sources */,
				C92F1B3242DCA10E6418690F /* CentralAction.swift in Sources */,
				C92F1CD6760C1F4788F12A18 /* Manager.swift in Sources */,
				44D48D7A2450F40D006A8B38 /* CharacteristicValue.swift in Sources */,
				44FC73362446761A008823AD /* PeripheralAction.swift in Sources */,
			);
			runOnlyForDeploymentPostprocessing = 0;
		};
/* End PBXSourcesBuildPhase section */

/* Begin PBXVariantGroup section */
		444C59FA2426CBA40073599D /* LaunchScreen.storyboard */ = {
			isa = PBXVariantGroup;
			children = (
				444C59FB2426CBA40073599D /* Base */,
			);
			name = LaunchScreen.storyboard;
			sourceTree = "<group>";
		};
/* End PBXVariantGroup section */

/* Begin XCBuildConfiguration section */
		444C59FE2426CBA40073599D /* Debug */ = {
			isa = XCBuildConfiguration;
			buildSettings = {
				ALWAYS_SEARCH_USER_PATHS = NO;
				CLANG_ANALYZER_NONNULL = YES;
				CLANG_ANALYZER_NUMBER_OBJECT_CONVERSION = YES_AGGRESSIVE;
				CLANG_CXX_LANGUAGE_STANDARD = "gnu++14";
				CLANG_CXX_LIBRARY = "libc++";
				CLANG_ENABLE_MODULES = YES;
				CLANG_ENABLE_OBJC_ARC = YES;
				CLANG_ENABLE_OBJC_WEAK = YES;
				CLANG_WARN_BLOCK_CAPTURE_AUTORELEASING = YES;
				CLANG_WARN_BOOL_CONVERSION = YES;
				CLANG_WARN_COMMA = YES;
				CLANG_WARN_CONSTANT_CONVERSION = YES;
				CLANG_WARN_DEPRECATED_OBJC_IMPLEMENTATIONS = YES;
				CLANG_WARN_DIRECT_OBJC_ISA_USAGE = YES_ERROR;
				CLANG_WARN_DOCUMENTATION_COMMENTS = YES;
				CLANG_WARN_EMPTY_BODY = YES;
				CLANG_WARN_ENUM_CONVERSION = YES;
				CLANG_WARN_INFINITE_RECURSION = YES;
				CLANG_WARN_INT_CONVERSION = YES;
				CLANG_WARN_NON_LITERAL_NULL_CONVERSION = YES;
				CLANG_WARN_OBJC_IMPLICIT_RETAIN_SELF = YES;
				CLANG_WARN_OBJC_LITERAL_CONVERSION = YES;
				CLANG_WARN_OBJC_ROOT_CLASS = YES_ERROR;
				CLANG_WARN_RANGE_LOOP_ANALYSIS = YES;
				CLANG_WARN_STRICT_PROTOTYPES = YES;
				CLANG_WARN_SUSPICIOUS_MOVE = YES;
				CLANG_WARN_UNGUARDED_AVAILABILITY = YES_AGGRESSIVE;
				CLANG_WARN_UNREACHABLE_CODE = YES;
				CLANG_WARN__DUPLICATE_METHOD_MATCH = YES;
				CODE_SIGN_IDENTITY = "Apple Development";
				COPY_PHASE_STRIP = NO;
				DEBUG_INFORMATION_FORMAT = dwarf;
				ENABLE_STRICT_OBJC_MSGSEND = YES;
				ENABLE_TESTABILITY = YES;
				GCC_C_LANGUAGE_STANDARD = gnu11;
				GCC_DYNAMIC_NO_PIC = NO;
				GCC_NO_COMMON_BLOCKS = YES;
				GCC_OPTIMIZATION_LEVEL = 0;
				GCC_PREPROCESSOR_DEFINITIONS = (
					"DEBUG=1",
					"$(inherited)",
				);
				GCC_WARN_64_TO_32_BIT_CONVERSION = YES;
				GCC_WARN_ABOUT_RETURN_TYPE = YES_ERROR;
				GCC_WARN_UNDECLARED_SELECTOR = YES;
				GCC_WARN_UNINITIALIZED_AUTOS = YES_AGGRESSIVE;
				GCC_WARN_UNUSED_FUNCTION = YES;
				GCC_WARN_UNUSED_VARIABLE = YES;
				IPHONEOS_DEPLOYMENT_TARGET = 13.2;
				MTL_ENABLE_DEBUG_INFO = INCLUDE_SOURCE;
				MTL_FAST_MATH = YES;
				ONLY_ACTIVE_ARCH = YES;
				SDKROOT = iphoneos;
				SWIFT_ACTIVE_COMPILATION_CONDITIONS = DEBUG;
				SWIFT_OPTIMIZATION_LEVEL = "-Onone";
				VALIDATE_PRODUCT = YES;
			};
			name = Debug;
		};
		444C59FF2426CBA40073599D /* Release */ = {
			isa = XCBuildConfiguration;
			buildSettings = {
				ALWAYS_SEARCH_USER_PATHS = NO;
				CLANG_ANALYZER_NONNULL = YES;
				CLANG_ANALYZER_NUMBER_OBJECT_CONVERSION = YES_AGGRESSIVE;
				CLANG_CXX_LANGUAGE_STANDARD = "gnu++14";
				CLANG_CXX_LIBRARY = "libc++";
				CLANG_ENABLE_MODULES = YES;
				CLANG_ENABLE_OBJC_ARC = YES;
				CLANG_ENABLE_OBJC_WEAK = YES;
				CLANG_WARN_BLOCK_CAPTURE_AUTORELEASING = YES;
				CLANG_WARN_BOOL_CONVERSION = YES;
				CLANG_WARN_COMMA = YES;
				CLANG_WARN_CONSTANT_CONVERSION = YES;
				CLANG_WARN_DEPRECATED_OBJC_IMPLEMENTATIONS = YES;
				CLANG_WARN_DIRECT_OBJC_ISA_USAGE = YES_ERROR;
				CLANG_WARN_DOCUMENTATION_COMMENTS = YES;
				CLANG_WARN_EMPTY_BODY = YES;
				CLANG_WARN_ENUM_CONVERSION = YES;
				CLANG_WARN_INFINITE_RECURSION = YES;
				CLANG_WARN_INT_CONVERSION = YES;
				CLANG_WARN_NON_LITERAL_NULL_CONVERSION = YES;
				CLANG_WARN_OBJC_IMPLICIT_RETAIN_SELF = YES;
				CLANG_WARN_OBJC_LITERAL_CONVERSION = YES;
				CLANG_WARN_OBJC_ROOT_CLASS = YES_ERROR;
				CLANG_WARN_RANGE_LOOP_ANALYSIS = YES;
				CLANG_WARN_STRICT_PROTOTYPES = YES;
				CLANG_WARN_SUSPICIOUS_MOVE = YES;
				CLANG_WARN_UNGUARDED_AVAILABILITY = YES_AGGRESSIVE;
				CLANG_WARN_UNREACHABLE_CODE = YES;
				CLANG_WARN__DUPLICATE_METHOD_MATCH = YES;
				CODE_SIGN_IDENTITY = "Apple Development";
				COPY_PHASE_STRIP = NO;
				DEBUG_INFORMATION_FORMAT = "dwarf-with-dsym";
				ENABLE_NS_ASSERTIONS = NO;
				ENABLE_STRICT_OBJC_MSGSEND = YES;
				GCC_C_LANGUAGE_STANDARD = gnu11;
				GCC_NO_COMMON_BLOCKS = YES;
				GCC_WARN_64_TO_32_BIT_CONVERSION = YES;
				GCC_WARN_ABOUT_RETURN_TYPE = YES_ERROR;
				GCC_WARN_UNDECLARED_SELECTOR = YES;
				GCC_WARN_UNINITIALIZED_AUTOS = YES_AGGRESSIVE;
				GCC_WARN_UNUSED_FUNCTION = YES;
				GCC_WARN_UNUSED_VARIABLE = YES;
				IPHONEOS_DEPLOYMENT_TARGET = 13.2;
				MTL_ENABLE_DEBUG_INFO = NO;
				MTL_FAST_MATH = YES;
				ONLY_ACTIVE_ARCH = YES;
				SDKROOT = iphoneos;
				SWIFT_COMPILATION_MODE = wholemodule;
				SWIFT_OPTIMIZATION_LEVEL = "-O";
				VALIDATE_PRODUCT = YES;
			};
			name = Release;
		};
		444C5A012426CBA40073599D /* Debug */ = {
			isa = XCBuildConfiguration;
			buildSettings = {
				ASSETCATALOG_COMPILER_APPICON_NAME = AppIcon;
				CODE_SIGN_ENTITLEMENTS = SwiftUIBLE/BLE.entitlements;
				CODE_SIGN_IDENTITY = "Apple Development";
				CODE_SIGN_STYLE = Automatic;
				DEVELOPMENT_ASSET_PATHS = "";
				DEVELOPMENT_TEAM = A57W448PMQ;
				ENABLE_PREVIEWS = YES;
				INFOPLIST_FILE = "$(SRCROOT)/SwiftUIBLE/Info.plist";
				LD_RUNPATH_SEARCH_PATHS = (
					"$(inherited)",
					"@executable_path/Frameworks",
				);
				PRODUCT_BUNDLE_IDENTIFIER = r.m.SwiftUIBLE;
				PRODUCT_NAME = SwiftUIBLE;
				PROVISIONING_PROFILE_SPECIFIER = "";
				SWIFT_VERSION = 5.0;
				TARGETED_DEVICE_FAMILY = "1,2";
			};
			name = Debug;
		};
		444C5A022426CBA40073599D /* Release */ = {
			isa = XCBuildConfiguration;
			buildSettings = {
				ASSETCATALOG_COMPILER_APPICON_NAME = AppIcon;
				CODE_SIGN_ENTITLEMENTS = SwiftUIBLE/BLE.entitlements;
				CODE_SIGN_IDENTITY = "Apple Development";
				CODE_SIGN_STYLE = Automatic;
				DEVELOPMENT_ASSET_PATHS = "";
				DEVELOPMENT_TEAM = A57W448PMQ;
				ENABLE_PREVIEWS = YES;
				INFOPLIST_FILE = "$(SRCROOT)/SwiftUIBLE/Info.plist";
				LD_RUNPATH_SEARCH_PATHS = (
					"$(inherited)",
					"@executable_path/Frameworks",
				);
				PRODUCT_BUNDLE_IDENTIFIER = r.m.SwiftUIBLE;
				PRODUCT_NAME = SwiftUIBLE;
				PROVISIONING_PROFILE_SPECIFIER = "";
				SWIFT_VERSION = 5.0;
				TARGETED_DEVICE_FAMILY = "1,2";
			};
			name = Release;
		};
/* End XCBuildConfiguration section */

/* Begin XCConfigurationList section */
		444C59E72426CB9F0073599D /* Build configuration list for PBXProject "SwiftUIBLE" */ = {
			isa = XCConfigurationList;
			buildConfigurations = (
				444C59FE2426CBA40073599D /* Debug */,
				444C59FF2426CBA40073599D /* Release */,
			);
			defaultConfigurationIsVisible = 0;
			defaultConfigurationName = Release;
		};
		444C5A002426CBA40073599D /* Build configuration list for PBXNativeTarget "SwiftUIBLE" */ = {
			isa = XCConfigurationList;
			buildConfigurations = (
				444C5A012426CBA40073599D /* Debug */,
				444C5A022426CBA40073599D /* Release */,
			);
			defaultConfigurationIsVisible = 0;
			defaultConfigurationName = Release;
		};
/* End XCConfigurationList section */

/* Begin XCRemoteSwiftPackageReference section */
		44FC733024464ECE008823AD /* XCRemoteSwiftPackageReference "SwiftUIFlux" */ = {
			isa = XCRemoteSwiftPackageReference;
			repositoryURL = "https://github.com/Dimillian/SwiftUIFlux.git";
			requirement = {
				kind = upToNextMajorVersion;
				minimumVersion = 0.5.1;
			};
		};
/* End XCRemoteSwiftPackageReference section */

/* Begin XCSwiftPackageProductDependency section */
		44FC733124464ECE008823AD /* SwiftUIFlux */ = {
			isa = XCSwiftPackageProductDependency;
			package = 44FC733024464ECE008823AD /* XCRemoteSwiftPackageReference "SwiftUIFlux" */;
			productName = SwiftUIFlux;
		};
/* End XCSwiftPackageProductDependency section */
	};
	rootObject = 444C59E42426CB9F0073599D /* Project object */;
}
